{
  "nodes": {
    "NUR": {
      "flake": false,
      "locked": {
        "lastModified": 1679397472,
        "narHash": "sha256-HJdIJO2gHL6dRAH5YBZMP3qzvmSuLRtQ+3HL5mS9jKg=",
        "owner": "nix-community",
        "repo": "NUR",
        "rev": "89adadf2c092d641d9791cc58baeb6432be5bc8d",
        "type": "github"
      },
      "original": {
        "owner": "nix-community",
        "repo": "NUR",
        "type": "github"
      }
    },
    "base16-black-metal-scheme": {
      "flake": false,
      "locked": {
        "lastModified": 1585330710,
        "narHash": "sha256-ctsMdfUpqVZfqtg4paYg4oCataRHoapxSiYRsi0lwhI=",
        "owner": "metalelf0",
        "repo": "base16-black-metal-scheme",
        "rev": "c7a32bec8105a1ceddb9fcc90b713dabde5e7e5e",
        "type": "github"
      },
      "original": {
        "owner": "metalelf0",
        "repo": "base16-black-metal-scheme",
        "type": "github"
      }
    },
    "brother-hl-3170cdw-driver": {
      "flake": false,
      "locked": {
        "lastModified": 1638705897,
        "narHash": "sha256-U4x0V8rLwL41FdQ1K/0i7unAKcN1hCRISG8GwMWnXpY=",
        "owner": "balsoft",
        "repo": "brother-hl-3170cdw-driver",
        "rev": "5e2f487d957b195b1e3afcf68ac1f5c695b06085",
        "type": "github"
      },
      "original": {
        "owner": "balsoft",
        "repo": "brother-hl-3170cdw-driver",
        "type": "github"
      }
    },
    "codebraid": {
      "flake": false,
      "locked": {
        "lastModified": 1674174348,
        "narHash": "sha256-UJPYL+IgOf9yqDqXmp9n84q1BUBrjD4f9yvARuSxzC0=",
        "owner": "gpoore",
        "repo": "codebraid",
        "rev": "f834b43e7838b674878128b31a0b89c4c5cf8872",
        "type": "github"
      },
      "original": {
        "owner": "gpoore",
        "repo": "codebraid",
        "type": "github"
      }
    },
    "coeurl": {
      "flake": false,
      "locked": {
        "lastModified": 1673324076,
        "narHash": "sha256-sN+YSddUOdnJLcnHyWdjNm1PpxCwnkwiqSvyrwUrg6w=",
        "ref": "refs/heads/master",
        "rev": "2a20a129240a1a017b37b6874faab499ca4e523b",
        "revCount": 79,
        "type": "git",
        "url": "https://nheko.im/nheko-reborn/coeurl"
      },
      "original": {
        "type": "git",
        "url": "https://nheko.im/nheko-reborn/coeurl"
      }
    },
    "crane": {
      "flake": false,
      "locked": {
        "lastModified": 1670900067,
        "narHash": "sha256-VXVa+KBfukhmWizaiGiHRVX/fuk66P8dgSFfkVN4/MY=",
        "owner": "ipetkov",
        "repo": "crane",
        "rev": "59b31b41a589c0a65e4a1f86b0e5eac68081468b",
        "type": "github"
      },
      "original": {
        "owner": "ipetkov",
        "repo": "crane",
        "type": "github"
      }
    },
    "crate2nix": {
      "flake": false,
      "locked": {
        "lastModified": 1608814925,
        "narHash": "sha256-GdFBG2LmpbY4C1OJBFfWLMKXzGyFq4mJBK+SVMNNE+8=",
        "owner": "balsoft",
        "repo": "crate2nix",
        "rev": "68be3d90f31bf0bfd525da77e0ae6e89f48abd24",
        "type": "github"
      },
      "original": {
        "owner": "balsoft",
        "ref": "tools-nix-version-comparison",
        "repo": "crate2nix",
        "type": "github"
      }
    },
    "crdt": {
      "flake": false,
      "locked": {
        "lastModified": 1676254982,
        "narHash": "sha256-I+O8xKTRQqHKbk0JfCyeRvdPQURZXnNxlIZBhn3fR8Q=",
        "ref": "refs/heads/master",
        "rev": "3ba890658d657db5d6aaedd5c2a78b6f93a5f139",
        "revCount": 196,
        "type": "git",
        "url": "https://code.librehq.com/qhong/crdt.el"
      },
      "original": {
        "type": "git",
        "url": "https://code.librehq.com/qhong/crdt.el"
      }
    },
    "deploy-rs": {
      "inputs": {
        "flake-compat": "flake-compat",
        "nixpkgs": "nixpkgs",
        "utils": "utils"
      },
      "locked": {
        "lastModified": 1674127017,
        "narHash": "sha256-QO1xF7stu5ZMDLbHN30LFolMAwY6TVlzYvQoUs1RD68=",
        "owner": "serokell",
        "repo": "deploy-rs",
        "rev": "8c9ea9605eed20528bf60fae35a2b613b901fd77",
        "type": "github"
      },
      "original": {
        "owner": "serokell",
        "repo": "deploy-rs",
        "type": "github"
      }
    },
    "devshell": {
      "inputs": {
        "flake-utils": [
          "direnv-vscode",
          "flake-utils"
        ],
        "nixpkgs": [
          "direnv-vscode",
          "nixpkgs"
        ]
      },
      "locked": {
        "lastModified": 1678957337,
        "narHash": "sha256-Gw4nVbuKRdTwPngeOZQOzH/IFowmz4LryMPDiJN/ah4=",
        "owner": "numtide",
        "repo": "devshell",
        "rev": "3e0e60ab37cd0bf7ab59888f5c32499d851edb47",
        "type": "github"
      },
      "original": {
        "owner": "numtide",
        "repo": "devshell",
        "type": "github"
      }
    },
    "direnv-vscode": {
      "inputs": {
        "devshell": "devshell",
        "flake-compat": "flake-compat_2",
        "flake-utils": "flake-utils",
        "nixpkgs": "nixpkgs_2",
        "npmlock2nix": "npmlock2nix"
      },
      "locked": {
        "lastModified": 1679259066,
        "narHash": "sha256-trncwv1sStdmKbJIme+7cw5JxL1nmiL4jB4k0637mGE=",
        "owner": "direnv",
        "repo": "direnv-vscode",
        "rev": "10659625a20391fae7ce4fdbc543e9ad483d50a0",
        "type": "github"
      },
      "original": {
        "owner": "direnv",
        "repo": "direnv-vscode",
        "type": "github"
      }
    },
    "dream2nix": {
      "inputs": {
        "alejandra": [
          "helix",
          "nci"
        ],
        "all-cabal-json": [
          "helix",
          "nci"
        ],
        "crane": "crane",
        "devshell": [
          "helix",
          "nci"
        ],
        "flake-parts": [
          "helix",
          "nci",
          "parts"
        ],
        "flake-utils-pre-commit": [
          "helix",
          "nci"
        ],
        "ghc-utils": [
          "helix",
          "nci"
        ],
        "gomod2nix": [
          "helix",
          "nci"
        ],
        "mach-nix": [
          "helix",
          "nci"
        ],
        "nix-pypi-fetcher": [
          "helix",
          "nci"
        ],
        "nixpkgs": [
          "helix",
          "nci",
          "nixpkgs"
        ],
        "poetry2nix": [
          "helix",
          "nci"
        ],
        "pre-commit-hooks": [
          "helix",
          "nci"
        ],
        "pruned-racket-catalog": [
          "helix",
          "nci"
        ]
      },
      "locked": {
        "lastModified": 1677289985,
        "narHash": "sha256-lUp06cTTlWubeBGMZqPl9jODM99LpWMcwxRiscFAUJg=",
        "owner": "nix-community",
        "repo": "dream2nix",
        "rev": "28b973a8d4c30cc1cbb3377ea2023a76bc3fb889",
        "type": "github"
      },
      "original": {
        "owner": "nix-community",
        "repo": "dream2nix",
        "type": "github"
      }
    },
    "flake-compat": {
      "flake": false,
      "locked": {
        "lastModified": 1668681692,
        "narHash": "sha256-Ht91NGdewz8IQLtWZ9LCeNXMSXHUss+9COoqu6JLmXU=",
        "owner": "edolstra",
        "repo": "flake-compat",
        "rev": "009399224d5e398d03b22badca40a37ac85412a1",
        "type": "github"
      },
      "original": {
        "owner": "edolstra",
        "repo": "flake-compat",
        "type": "github"
      }
    },
    "flake-compat_2": {
      "flake": false,
      "locked": {
        "lastModified": 1673956053,
        "narHash": "sha256-4gtG9iQuiKITOjNQQeQIpoIB6b16fm+504Ch3sNKLd8=",
        "owner": "edolstra",
        "repo": "flake-compat",
        "rev": "35bb57c0c8d8b62bbfd284272c928ceb64ddbde9",
        "type": "github"
      },
      "original": {
        "owner": "edolstra",
        "repo": "flake-compat",
        "type": "github"
      }
    },
    "flake-compat_3": {
      "flake": false,
      "locked": {
        "lastModified": 1673956053,
        "narHash": "sha256-4gtG9iQuiKITOjNQQeQIpoIB6b16fm+504Ch3sNKLd8=",
        "owner": "edolstra",
        "repo": "flake-compat",
        "rev": "35bb57c0c8d8b62bbfd284272c928ceb64ddbde9",
        "type": "github"
      },
      "original": {
        "owner": "edolstra",
        "repo": "flake-compat",
        "type": "github"
      }
    },
    "flake-compat_4": {
      "flake": false,
      "locked": {
        "lastModified": 1673956053,
        "narHash": "sha256-4gtG9iQuiKITOjNQQeQIpoIB6b16fm+504Ch3sNKLd8=",
        "owner": "edolstra",
        "repo": "flake-compat",
        "rev": "35bb57c0c8d8b62bbfd284272c928ceb64ddbde9",
        "type": "github"
      },
      "original": {
        "owner": "edolstra",
        "repo": "flake-compat",
        "type": "github"
      }
    },
    "flake-registry": {
      "flake": false,
      "locked": {
        "lastModified": 1674218164,
        "narHash": "sha256-oLNWhwrV252kiy2tGQwwJNKFR+iG0fjsw0GSE/XVTR8=",
        "owner": "nixos",
        "repo": "flake-registry",
        "rev": "507c028d8d189b6647592dfd10ee677578de45a1",
        "type": "github"
      },
      "original": {
        "owner": "nixos",
        "repo": "flake-registry",
        "type": "github"
      }
    },
    "flake-utils": {
      "locked": {
        "lastModified": 1678901627,
        "narHash": "sha256-U02riOqrKKzwjsxc/400XnElV+UtPUQWpANPlyazjH0=",
        "owner": "numtide",
        "repo": "flake-utils",
        "rev": "93a2b84fc4b70d9e089d029deacc3583435c2ed6",
        "type": "github"
      },
      "original": {
        "owner": "numtide",
        "repo": "flake-utils",
        "type": "github"
      }
    },
    "flake-utils_2": {
      "locked": {
        "lastModified": 1659877975,
        "narHash": "sha256-zllb8aq3YO3h8B/U0/J1WBgAL8EX5yWf5pMj3G0NAmc=",
        "owner": "numtide",
        "repo": "flake-utils",
        "rev": "c0e246b9b83f637f4681389ecabcb2681b4f3af0",
        "type": "github"
      },
      "original": {
        "owner": "numtide",
        "repo": "flake-utils",
        "type": "github"
      }
    },
    "flake-utils_3": {
      "locked": {
        "lastModified": 1678901627,
        "narHash": "sha256-U02riOqrKKzwjsxc/400XnElV+UtPUQWpANPlyazjH0=",
        "owner": "numtide",
        "repo": "flake-utils",
        "rev": "93a2b84fc4b70d9e089d029deacc3583435c2ed6",
        "type": "github"
      },
      "original": {
        "owner": "numtide",
        "repo": "flake-utils",
        "type": "github"
      }
    },
    "flake-utils_4": {
      "locked": {
        "lastModified": 1667395993,
        "narHash": "sha256-nuEHfE/LcWyuSWnS8t12N1wc105Qtau+/OdUAjtQ0rA=",
        "owner": "numtide",
        "repo": "flake-utils",
        "rev": "5aed5285a952e0b949eb3ba02c12fa4fcfef535f",
        "type": "github"
      },
      "original": {
        "owner": "numtide",
        "repo": "flake-utils",
        "type": "github"
      }
    },
    "flake-utils_5": {
      "locked": {
        "lastModified": 1667395993,
        "narHash": "sha256-nuEHfE/LcWyuSWnS8t12N1wc105Qtau+/OdUAjtQ0rA=",
        "owner": "numtide",
        "repo": "flake-utils",
        "rev": "5aed5285a952e0b949eb3ba02c12fa4fcfef535f",
        "type": "github"
      },
      "original": {
        "owner": "numtide",
        "repo": "flake-utils",
        "type": "github"
      }
    },
    "flake-utils_6": {
      "locked": {
        "lastModified": 1667395993,
        "narHash": "sha256-nuEHfE/LcWyuSWnS8t12N1wc105Qtau+/OdUAjtQ0rA=",
        "owner": "numtide",
        "repo": "flake-utils",
        "rev": "5aed5285a952e0b949eb3ba02c12fa4fcfef535f",
        "type": "github"
      },
      "original": {
        "owner": "numtide",
        "repo": "flake-utils",
        "type": "github"
      }
    },
    "helix": {
      "inputs": {
        "nci": "nci",
        "nixpkgs": "nixpkgs_3",
        "parts": "parts_2",
        "rust-overlay": "rust-overlay"
      },
      "locked": {
        "lastModified": 1679358011,
        "narHash": "sha256-ZC2LQi7AZaIg07nefn3CJn9KOb2EpkwpdS+wv2gpwXE=",
        "owner": "helix-editor",
        "repo": "helix",
        "rev": "6d5fa2045a36d1169628be62f7a9d5abafb9b8aa",
        "type": "github"
      },
      "original": {
        "owner": "helix-editor",
        "repo": "helix",
        "type": "github"
      }
    },
    "home-manager": {
      "inputs": {
        "nixpkgs": "nixpkgs_4",
        "utils": "utils_2"
      },
      "locked": {
        "lastModified": 1679394816,
        "narHash": "sha256-1V1esJt2YAxsKmRuGuB62RF5vhDAVFDvJXVNhtEO22A=",
        "owner": "rycee",
        "repo": "home-manager",
        "rev": "e386ec640e16dc91120977285cb8c72c77078164",
        "type": "github"
      },
      "original": {
        "owner": "rycee",
        "repo": "home-manager",
        "type": "github"
      }
    },
    "impermanence": {
      "locked": {
        "lastModified": 1675359654,
        "narHash": "sha256-FPxzuvJkcO49g4zkWLSeuZkln54bLoTtrggZDJBH90I=",
        "owner": "nix-community",
        "repo": "impermanence",
        "rev": "6138eb8e737bffabd4c8fc78ae015d4fd6a7e2fd",
        "type": "github"
      },
      "original": {
        "owner": "nix-community",
        "repo": "impermanence",
        "type": "github"
      }
    },
    "lambda-launcher": {
      "inputs": {
        "nixpkgs": "nixpkgs_5"
      },
      "locked": {
        "lastModified": 1654984020,
        "narHash": "sha256-uCZ9pU1QfACHbtNIS9V6eZZsHOtwAFJfg8VC44Q5FVM=",
        "owner": "balsoft",
        "repo": "lambda-launcher",
        "rev": "f1b3078e90684ac528e46c2364ba97ddbc57b580",
        "type": "github"
      },
      "original": {
        "owner": "balsoft",
        "repo": "lambda-launcher",
        "type": "github"
      }
    },
    "lowdown-src": {
      "flake": false,
      "locked": {
        "lastModified": 1633514407,
        "narHash": "sha256-Dw32tiMjdK9t3ETl5fzGrutQTzh2rufgZV4A/BbxuD4=",
        "owner": "kristapsdz",
        "repo": "lowdown",
        "rev": "d2c2b44ff6c27b936ec27358a2653caaef8f73b8",
        "type": "github"
      },
      "original": {
        "owner": "kristapsdz",
        "repo": "lowdown",
        "type": "github"
      }
    },
    "materia-theme": {
      "flake": false,
      "locked": {
        "lastModified": 1674682848,
        "narHash": "sha256-I6hpH0VTmftU4+/pRbztuTQcBKcOFBFbNZXJL/2bcgU=",
        "owner": "nana-4",
        "repo": "materia-theme",
        "rev": "6e5850388a25f424b8193fe4523504d1dc364175",
        "type": "github"
      },
      "original": {
        "owner": "nana-4",
        "repo": "materia-theme",
        "type": "github"
      }
    },
    "mk-naked-shell": {
      "flake": false,
      "locked": {
        "lastModified": 1676572903,
        "narHash": "sha256-oQoDHHUTxNVSURfkFcYLuAK+btjs30T4rbEUtCUyKy8=",
        "owner": "yusdacra",
        "repo": "mk-naked-shell",
        "rev": "aeca9f8aa592f5e8f71f407d081cb26fd30c5a57",
        "type": "github"
      },
      "original": {
        "owner": "yusdacra",
        "repo": "mk-naked-shell",
        "type": "github"
      }
    },
    "mopidy-ytmusic": {
      "flake": false,
      "locked": {
        "lastModified": 1669816240,
        "narHash": "sha256-0qvk55VcRmvaRrV+oMVTKWMOCx+/1cEftmq6T0PRuwY=",
        "owner": "OzymandiasTheGreat",
        "repo": "mopidy-ytmusic",
        "rev": "3753c4daeb6094e9c68eb63419e8ba936b92e61b",
        "type": "github"
      },
      "original": {
        "owner": "OzymandiasTheGreat",
        "repo": "mopidy-ytmusic",
        "type": "github"
      }
    },
    "mtxclient": {
      "flake": false,
      "locked": {
        "lastModified": 1678585844,
        "narHash": "sha256-rvywwKlpaOZkjXNPt8fc3q1tB9vmXw3PGEcwjjNJubM=",
        "owner": "nheko-reborn",
        "repo": "mtxclient",
        "rev": "c8849cd033bb59bee39f3fb2eaca953853731eb2",
        "type": "github"
      },
      "original": {
        "owner": "nheko-reborn",
        "repo": "mtxclient",
        "type": "github"
      }
    },
    "nci": {
      "inputs": {
        "dream2nix": "dream2nix",
        "mk-naked-shell": "mk-naked-shell",
        "nixpkgs": [
          "helix",
          "nixpkgs"
        ],
        "parts": "parts",
        "rust-overlay": [
          "helix",
          "rust-overlay"
        ]
      },
      "locked": {
        "lastModified": 1677297103,
        "narHash": "sha256-ArlJIbp9NGV9yvhZdV0SOUFfRlI/kHeKoCk30NbSiLc=",
        "owner": "yusdacra",
        "repo": "nix-cargo-integration",
        "rev": "a79272a2cb0942392bb3a5bf9a3ec6bc568795b2",
        "type": "github"
      },
      "original": {
        "owner": "yusdacra",
        "repo": "nix-cargo-integration",
        "type": "github"
      }
    },
    "nheko": {
      "flake": false,
      "locked": {
        "lastModified": 1679344009,
        "narHash": "sha256-LIhsrnEeK2NbkLHsRqQ7v9AYt3jNYFwJeNj1eJKO1js=",
        "owner": "nheko-reborn",
        "repo": "nheko",
        "rev": "7d5c0b78229dcc83b4a102cf5a269e17b941554d",
        "type": "github"
      },
      "original": {
        "owner": "nheko-reborn",
        "repo": "nheko",
        "type": "github"
      }
    },
    "nix": {
      "inputs": {
        "flake-compat": "flake-compat_4",
        "lowdown-src": "lowdown-src",
        "nixpkgs": "nixpkgs_6",
        "nixpkgs-regression": "nixpkgs-regression"
      },
      "locked": {
        "lastModified": 1679398709,
        "narHash": "sha256-/XOIMhI9JZqSZ91xf48AWqtVlBmM2kMU1YMHuzw2aQw=",
        "owner": "nixos",
        "repo": "nix",
        "rev": "cdfa59daa17d647308d8ac48a6b3e1a7328c3640",
        "type": "github"
      },
      "original": {
        "owner": "nixos",
        "repo": "nix",
        "type": "github"
      }
    },
    "nix-direnv": {
      "inputs": {
        "flake-utils": "flake-utils_3",
        "nixpkgs": "nixpkgs_7"
      },
      "locked": {
        "lastModified": 1678952047,
        "narHash": "sha256-AkCPj4/GghWTmtamdCTKUeu+61iZkcVUkGetbcpKNx4=",
        "owner": "nix-community",
        "repo": "nix-direnv",
        "rev": "17e2f04c4aaaac509a4b77c66cea42281ed64615",
        "type": "github"
      },
      "original": {
        "owner": "nix-community",
        "repo": "nix-direnv",
        "type": "github"
      }
    },
    "nix-vscode-marketplace": {
      "inputs": {
        "flake-utils": "flake-utils_4",
        "nixpkgs": "nixpkgs_8"
      },
      "locked": {
        "lastModified": 1673775196,
        "narHash": "sha256-I/NPmIJrlK1I5yL7V5jtEZkYtYWfRviwx1JQh88F35c=",
        "owner": "AmeerTaweel",
        "repo": "nix-vscode-marketplace",
        "rev": "b7db33c44e134f2b03bdde565b6919d622fa100d",
        "type": "github"
      },
      "original": {
        "owner": "AmeerTaweel",
        "repo": "nix-vscode-marketplace",
        "type": "github"
      }
    },
    "nixos-fhs-compat": {
      "locked": {
        "lastModified": 1668797495,
        "narHash": "sha256-fTldcVSyidpBIL5AddPQr3GJDOC23VJqcCviG6mXbiU=",
        "owner": "balsoft",
        "repo": "nixos-fhs-compat",
        "rev": "e339cc708dd35e44d28847d773b19c27e7e17590",
        "type": "github"
      },
      "original": {
        "owner": "balsoft",
        "repo": "nixos-fhs-compat",
        "type": "github"
      }
    },
    "nixos-hardware": {
      "locked": {
        "lastModified": 1676564850,
        "narHash": "sha256-enVjZsyShc1Aq8yLk6+5EADKrC9NZSMOqNplSsHeaXI=",
        "owner": "balsoft",
        "repo": "nixos-hardware",
        "rev": "a0186704abc0ba7c99f150c33251c198488f7e07",
        "type": "github"
      },
      "original": {
        "owner": "balsoft",
        "ref": "add-librem-5",
        "repo": "nixos-hardware",
        "type": "github"
      }
    },
    "nixpkgs": {
      "locked": {
        "lastModified": 1671417167,
        "narHash": "sha256-JkHam6WQOwZN1t2C2sbp1TqMv3TVRjzrdoejqfefwrM=",
        "owner": "NixOS",
        "repo": "nixpkgs",
        "rev": "bb31220cca6d044baa6dc2715b07497a2a7c4bc7",
        "type": "github"
      },
      "original": {
        "owner": "NixOS",
        "ref": "nixpkgs-unstable",
        "repo": "nixpkgs",
        "type": "github"
      }
    },
    "nixpkgs-lib": {
      "locked": {
        "dir": "lib",
        "lastModified": 1675183161,
        "narHash": "sha256-Zq8sNgAxDckpn7tJo7V1afRSk2eoVbu3OjI1QklGLNg=",
        "owner": "NixOS",
        "repo": "nixpkgs",
        "rev": "e1e1b192c1a5aab2960bf0a0bd53a2e8124fa18e",
        "type": "github"
      },
      "original": {
        "dir": "lib",
        "owner": "NixOS",
        "ref": "nixos-unstable",
        "repo": "nixpkgs",
        "type": "github"
      }
    },
    "nixpkgs-old": {
      "flake": false,
      "locked": {
        "lastModified": 1600952148,
        "narHash": "sha256-GUKHrnng33luc6mUT3rDnZ3Hm+4MMEJpEchRIAQx7JQ=",
        "owner": "nixos",
        "repo": "nixpkgs",
        "rev": "75f4ba05c63be3f147bcc2f7bd4ba1f029cedcb1",
        "type": "github"
      },
      "original": {
        "owner": "nixos",
        "ref": "nixos-19.09",
        "repo": "nixpkgs",
        "type": "github"
      }
    },
    "nixpkgs-regression": {
      "locked": {
        "lastModified": 1643052045,
        "narHash": "sha256-uGJ0VXIhWKGXxkeNnq4TvV3CIOkUJ3PAoLZ3HMzNVMw=",
        "owner": "NixOS",
        "repo": "nixpkgs",
        "rev": "215d4d0fd80ca5163643b03a33fde804a29cc1e2",
        "type": "github"
      },
      "original": {
        "owner": "NixOS",
        "repo": "nixpkgs",
        "rev": "215d4d0fd80ca5163643b03a33fde804a29cc1e2",
        "type": "github"
      }
    },
    "nixpkgs-wayland": {
      "flake": false,
      "locked": {
        "lastModified": 1675801308,
        "narHash": "sha256-NzhHyw1j7MIWjHEwC3hPyHQLDa0pPpPjGnEXvX71Vj4=",
        "owner": "colemickens",
        "repo": "nixpkgs-wayland",
        "rev": "cff171e61aae4e2e7ce0e2cf3b099a5df19316b0",
        "type": "github"
      },
      "original": {
        "owner": "colemickens",
        "repo": "nixpkgs-wayland",
        "type": "github"
      }
    },
    "nixpkgs_10": {
      "locked": {
        "lastModified": 1672791794,
        "narHash": "sha256-mqGPpGmwap0Wfsf3o2b6qHJW1w2kk/I6cGCGIU+3t6o=",
        "owner": "NixOS",
        "repo": "nixpkgs",
        "rev": "9813adc7f7c0edd738c6bdd8431439688bb0cb3d",
        "type": "github"
      },
      "original": {
        "owner": "NixOS",
        "ref": "nixos-unstable",
        "repo": "nixpkgs",
        "type": "github"
      }
    },
    "nixpkgs_11": {
      "locked": {
        "lastModified": 1671741567,
        "narHash": "sha256-SSmlJkiSOkrM0CW6pASLAMs1+3TaAogmw0hwch+VvhQ=",
        "owner": "NixOS",
        "repo": "nixpkgs",
        "rev": "7ed9bbb62d807957938a46a136113cf18b7552fe",
        "type": "github"
      },
      "original": {
        "owner": "NixOS",
        "repo": "nixpkgs",
        "type": "github"
      }
    },
    "nixpkgs_12": {
      "locked": {
        "lastModified": 1599773960,
        "narHash": "sha256-5bL52aaUOOyOBjgKh9/6jQlFbeE+WfVX7dpvjohmD+w=",
        "owner": "nixos",
        "repo": "nixpkgs",
        "rev": "5916b9637048446755629c84ae6f13361f623d13",
        "type": "github"
      },
      "original": {
        "owner": "nixos",
        "repo": "nixpkgs",
        "type": "github"
      }
    },
    "nixpkgs_2": {
      "locked": {
        "lastModified": 1678987615,
        "narHash": "sha256-lF4agoB7ysQGNHRXvOqxtSKIZrUZwClA85aASahQlYM=",
        "owner": "NixOS",
        "repo": "nixpkgs",
        "rev": "194c2aa446b2b059886bb68be15ef6736d5a8c31",
        "type": "github"
      },
      "original": {
        "id": "nixpkgs",
        "type": "indirect"
      }
    },
    "nixpkgs_3": {
      "locked": {
        "lastModified": 1677063315,
        "narHash": "sha256-qiB4ajTeAOVnVSAwCNEEkoybrAlA+cpeiBxLobHndE8=",
        "owner": "nixos",
        "repo": "nixpkgs",
        "rev": "988cc958c57ce4350ec248d2d53087777f9e1949",
        "type": "github"
      },
      "original": {
        "owner": "nixos",
        "ref": "nixos-unstable",
        "repo": "nixpkgs",
        "type": "github"
      }
    },
    "nixpkgs_4": {
      "locked": {
        "lastModified": 1677932085,
        "narHash": "sha256-+AB4dYllWig8iO6vAiGGYl0NEgmMgGHpy9gzWJ3322g=",
        "owner": "nixos",
        "repo": "nixpkgs",
        "rev": "3c5319ad3aa51551182ac82ea17ab1c6b0f0df89",
        "type": "github"
      },
      "original": {
        "owner": "nixos",
        "ref": "nixos-unstable",
        "repo": "nixpkgs",
        "type": "github"
      }
    },
    "nixpkgs_5": {
      "locked": {
        "lastModified": 1614531970,
        "narHash": "sha256-cfsbJwD5t8b03YQW7/F4hlYO19ACV/BIDIiRJ4V43V4=",
        "owner": "NixOS",
        "repo": "nixpkgs",
        "rev": "ddf21160e30fbd75c344a8939cc6d518f88409a1",
        "type": "github"
      },
      "original": {
        "owner": "NixOS",
        "repo": "nixpkgs",
        "type": "github"
      }
    },
    "nixpkgs_6": {
      "locked": {
        "lastModified": 1670461440,
        "narHash": "sha256-jy1LB8HOMKGJEGXgzFRLDU1CBGL0/LlkolgnqIsF0D8=",
        "owner": "NixOS",
        "repo": "nixpkgs",
        "rev": "04a75b2eecc0acf6239acf9dd04485ff8d14f425",
        "type": "github"
      },
      "original": {
        "owner": "NixOS",
        "ref": "nixos-22.11-small",
        "repo": "nixpkgs",
        "type": "github"
      }
    },
    "nixpkgs_7": {
      "locked": {
        "lastModified": 1678875422,
        "narHash": "sha256-T3o6NcQPwXjxJMn2shz86Chch4ljXgZn746c2caGxd8=",
        "owner": "NixOS",
        "repo": "nixpkgs",
        "rev": "126f49a01de5b7e35a43fd43f891ecf6d3a51459",
        "type": "github"
      },
      "original": {
        "owner": "NixOS",
        "ref": "nixpkgs-unstable",
        "repo": "nixpkgs",
        "type": "github"
      }
    },
    "nixpkgs_8": {
      "locked": {
        "lastModified": 1671213428,
        "narHash": "sha256-0deLDx1KjTiB3AKV2/OizGfEWcp6ZPjsDXk99uPJ8FM=",
        "owner": "NixOS",
        "repo": "nixpkgs",
        "rev": "dbc68fa4bb132d990945d39801b0d7f2ba15b08f",
        "type": "github"
      },
      "original": {
        "owner": "NixOS",
        "repo": "nixpkgs",
        "rev": "dbc68fa4bb132d990945d39801b0d7f2ba15b08f",
        "type": "github"
      }
    },
    "nixpkgs_9": {
      "locked": {
        "lastModified": 1679262748,
        "narHash": "sha256-DQCrrAFrkxijC6haUzOC5ZoFqpcv/tg2WxnyW3np1Cc=",
        "owner": "nixos",
        "repo": "nixpkgs",
        "rev": "60c1d71f2ba4c80178ec84523c2ca0801522e0a6",
        "type": "github"
      },
      "original": {
        "owner": "nixos",
        "ref": "nixos-unstable",
        "repo": "nixpkgs",
        "type": "github"
      }
    },
    "npmlock2nix": {
      "flake": false,
      "locked": {
        "lastModified": 1673447413,
        "narHash": "sha256-sJM82Sj8yfQYs9axEmGZ9Evzdv/kDcI9sddqJ45frrU=",
        "owner": "nix-community",
        "repo": "npmlock2nix",
        "rev": "9197bbf397d76059a76310523d45df10d2e4ca81",
        "type": "github"
      },
      "original": {
        "owner": "nix-community",
        "repo": "npmlock2nix",
        "type": "github"
      }
    },
    "parts": {
      "inputs": {
        "nixpkgs-lib": [
          "helix",
          "nci",
          "nixpkgs"
        ]
      },
      "locked": {
        "lastModified": 1675933616,
        "narHash": "sha256-/rczJkJHtx16IFxMmAWu5nNYcSXNg1YYXTHoGjLrLUA=",
        "owner": "hercules-ci",
        "repo": "flake-parts",
        "rev": "47478a4a003e745402acf63be7f9a092d51b83d7",
        "type": "github"
      },
      "original": {
        "owner": "hercules-ci",
        "repo": "flake-parts",
        "type": "github"
      }
    },
    "parts_2": {
      "inputs": {
        "nixpkgs-lib": "nixpkgs-lib"
      },
      "locked": {
        "lastModified": 1675933616,
        "narHash": "sha256-/rczJkJHtx16IFxMmAWu5nNYcSXNg1YYXTHoGjLrLUA=",
        "owner": "hercules-ci",
        "repo": "flake-parts",
        "rev": "47478a4a003e745402acf63be7f9a092d51b83d7",
        "type": "github"
      },
      "original": {
        "owner": "hercules-ci",
        "repo": "flake-parts",
        "type": "github"
      }
    },
    "remapper": {
      "inputs": {
        "flake-utils": "flake-utils_5",
        "nixpkgs": "nixpkgs_10",
        "telegram-bot-monadic": "telegram-bot-monadic"
      },
      "locked": {
        "lastModified": 1673034410,
        "narHash": "sha256-vOxWOtVzs873RONg+s21BNa7woeKIlVqK2JXOOfAS/0=",
        "owner": "balsoft",
        "repo": "remapper",
        "rev": "575f8a1e59d965c1ede4a3a4e2a2ffafa7305318",
        "type": "github"
      },
      "original": {
        "owner": "balsoft",
        "repo": "remapper",
        "type": "github"
      }
    },
    "root": {
      "inputs": {
        "NUR": "NUR",
        "base16-black-metal-scheme": "base16-black-metal-scheme",
        "brother-hl-3170cdw-driver": "brother-hl-3170cdw-driver",
        "codebraid": "codebraid",
        "coeurl": "coeurl",
        "crdt": "crdt",
        "deploy-rs": "deploy-rs",
        "direnv-vscode": "direnv-vscode",
        "flake-compat": "flake-compat_3",
        "flake-registry": "flake-registry",
        "helix": "helix",
        "home-manager": "home-manager",
        "impermanence": "impermanence",
        "lambda-launcher": "lambda-launcher",
        "materia-theme": "materia-theme",
        "mopidy-ytmusic": "mopidy-ytmusic",
        "mtxclient": "mtxclient",
        "nheko": "nheko",
        "nix": "nix",
        "nix-direnv": "nix-direnv",
        "nix-vscode-marketplace": "nix-vscode-marketplace",
        "nixos-fhs-compat": "nixos-fhs-compat",
        "nixos-hardware": "nixos-hardware",
        "nixpkgs": "nixpkgs_9",
        "nixpkgs-old": "nixpkgs-old",
        "nixpkgs-wayland": "nixpkgs-wayland",
        "remapper": "remapper",
        "rycee": "rycee",
        "simple-nixos-mailserver": "simple-nixos-mailserver",
        "simple-osd-daemons": "simple-osd-daemons",
        "sonoff-lan": "sonoff-lan",
        "tridactyl-native-messenger": "tridactyl-native-messenger",
        "yt-dlp": "yt-dlp"
      }
    },
    "rust-overlay": {
      "inputs": {
        "flake-utils": "flake-utils_2",
        "nixpkgs": [
          "helix",
          "nixpkgs"
        ]
      },
      "locked": {
        "lastModified": 1677292251,
        "narHash": "sha256-D+6q5Z2MQn3UFJtqsM5/AvVHi3NXKZTIMZt1JGq/spA=",
        "owner": "oxalica",
        "repo": "rust-overlay",
        "rev": "34cdbf6ad480ce13a6a526f57d8b9e609f3d65dc",
        "type": "github"
      },
      "original": {
        "owner": "oxalica",
        "repo": "rust-overlay",
        "type": "github"
      }
    },
    "rycee": {
      "flake": false,
      "locked": {
        "lastModified": 1679385127,
        "narHash": "sha256-kQ4ymkzCqc6pUvkeQ25x50uf8O2GLmbGzGK1pI6YcXU=",
        "owner": "rycee",
        "repo": "nur-expressions",
        "rev": "e87414e5d92e906de56ec12f1687a58c919bf29c",
        "type": "gitlab"
      },
      "original": {
        "owner": "rycee",
        "repo": "nur-expressions",
        "type": "gitlab"
      }
    },
    "simple-nixos-mailserver": {
      "flake": false,
      "locked": {
        "lastModified": 1671738303,
        "narHash": "sha256-PRgqtaWf2kMSYqVmcnmhTh+UsC0RmvXRTr+EOw5VZUA=",
        "owner": "simple-nixos-mailserver",
        "repo": "nixos-mailserver",
        "rev": "6d0d9fb966cc565a3df74d3b686f924c7615118c",
        "type": "gitlab"
      },
      "original": {
        "owner": "simple-nixos-mailserver",
        "repo": "nixos-mailserver",
        "type": "gitlab"
      }
    },
    "simple-osd-daemons": {
      "inputs": {
        "crate2nix": "crate2nix",
        "nixpkgs": "nixpkgs_12"
      },
      "locked": {
        "lastModified": 1651606905,
        "narHash": "sha256-c+6BTLx4db7xFCR5uZpiSxOPh/5sBPyxQ82AmxvxgRE=",
        "owner": "balsoft",
        "repo": "simple-osd-daemons",
        "rev": "1e6a8f75b10903c484073f2de36a1954e8bdd338",
        "type": "github"
      },
      "original": {
        "owner": "balsoft",
        "repo": "simple-osd-daemons",
        "type": "github"
      }
    },
    "sonoff-lan": {
      "flake": false,
      "locked": {
        "lastModified": 1675616909,
        "narHash": "sha256-WYl/ADcgBvHItGBp7PvIaEjW8z0uraFeFKqiazv1QPo=",
        "owner": "AlexxIT",
        "repo": "SonoffLAN",
        "rev": "453cbed2dfa2fb94a0d9e007310673b1423e4063",
        "type": "github"
      },
      "original": {
        "owner": "AlexxIT",
        "repo": "SonoffLAN",
        "type": "github"
      }
    },
    "telegram-bot-monadic": {
      "inputs": {
        "flake-utils": "flake-utils_6",
        "nixpkgs": "nixpkgs_11",
        "telegram-bot-simple": "telegram-bot-simple"
      },
      "locked": {
        "lastModified": 1672247639,
        "narHash": "sha256-zqor3Yf/Ezh1VC6gemD+nm1pxZut7fulDeNOmXZpqwY=",
        "owner": "balsoft",
        "repo": "telegram-bot-monadic",
        "rev": "ac9ac7a353b44ea5c5b83758078df677b8691bc5",
        "type": "github"
      },
      "original": {
        "owner": "balsoft",
        "repo": "telegram-bot-monadic",
        "type": "github"
      }
    },
    "telegram-bot-simple": {
      "flake": false,
      "locked": {
        "lastModified": 1671981417,
        "narHash": "sha256-Q9Pe6dCvCuGsRv3wmxqU8mCWhasQhRwDDIKO8XvdpJA=",
        "owner": "fizruk",
        "repo": "telegram-bot-simple",
        "rev": "a0aa517586fd3bb2324a617d2d185c0b65e56398",
        "type": "github"
      },
      "original": {
        "owner": "fizruk",
        "repo": "telegram-bot-simple",
        "type": "github"
      }
    },
    "tridactyl-native-messenger": {
      "flake": false,
      "locked": {
        "lastModified": 1663952229,
        "narHash": "sha256-YGDVcfFcI9cRCCZ4BrO5xTuI9mrGq1lfbEITB7o3vQQ=",
        "owner": "tridactyl",
        "repo": "native_messenger",
        "rev": "62f19dba573b924703829847feb1bfee68885514",
        "type": "github"
      },
      "original": {
        "owner": "tridactyl",
        "repo": "native_messenger",
        "type": "github"
      }
    },
    "utils": {
      "locked": {
        "lastModified": 1667395993,
        "narHash": "sha256-nuEHfE/LcWyuSWnS8t12N1wc105Qtau+/OdUAjtQ0rA=",
        "owner": "numtide",
        "repo": "flake-utils",
        "rev": "5aed5285a952e0b949eb3ba02c12fa4fcfef535f",
        "type": "github"
      },
      "original": {
        "owner": "numtide",
        "repo": "flake-utils",
        "type": "github"
      }
    },
    "utils_2": {
      "locked": {
        "lastModified": 1676283394,
        "narHash": "sha256-XX2f9c3iySLCw54rJ/CZs+ZK6IQy7GXNY4nSOyu2QG4=",
        "owner": "numtide",
        "repo": "flake-utils",
        "rev": "3db36a8b464d0c4532ba1c7dda728f4576d6d073",
        "type": "github"
      },
      "original": {
        "owner": "numtide",
        "repo": "flake-utils",
        "type": "github"
      }
    },
    "yt-dlp": {
      "flake": false,
      "locked": {
        "lastModified": 1679149742,
        "narHash": "sha256-ckYsobuuuRmobXb54hJl3Hk1pe0yc3BFX0eb5//K1Yw=",
        "owner": "yt-dlp",
        "repo": "yt-dlp",
        "rev": "c14af7a741931b364bab3d9546c0f4359f318f8c",
        "type": "github"
      },
      "original": {
        "owner": "yt-dlp",
        "repo": "yt-dlp",
        "type": "github"
      }
    }
  },
  "root": "root",
  "version": 7
}
