{
  "nodes": {
    "NUR": {
      "flake": false,
      "locked": {
        "lastModified": 1669805596,
        "narHash": "sha256-g1CPQZ+1jGhY4bsjppk+gH5jfzzqmPlqGHg0zSYS3Hw=",
        "owner": "nix-community",
        "repo": "NUR",
        "rev": "c81b1e527f3a220abfa9bf8096153d52784c5007",
        "type": "github"
      },
      "original": {
        "owner": "nix-community",
        "repo": "NUR",
        "type": "github"
      }
    },
    "base16-black-metal-scheme": {
      "flake": false,
      "locked": {
        "lastModified": 1585330710,
        "narHash": "sha256-ctsMdfUpqVZfqtg4paYg4oCataRHoapxSiYRsi0lwhI=",
        "owner": "metalelf0",
        "repo": "base16-black-metal-scheme",
        "rev": "c7a32bec8105a1ceddb9fcc90b713dabde5e7e5e",
        "type": "github"
      },
      "original": {
        "owner": "metalelf0",
        "repo": "base16-black-metal-scheme",
        "type": "github"
      }
    },
    "brother-hl-3170cdw-driver": {
      "flake": false,
      "locked": {
        "lastModified": 1638705897,
        "narHash": "sha256-U4x0V8rLwL41FdQ1K/0i7unAKcN1hCRISG8GwMWnXpY=",
        "owner": "balsoft",
        "repo": "brother-hl-3170cdw-driver",
        "rev": "5e2f487d957b195b1e3afcf68ac1f5c695b06085",
        "type": "github"
      },
      "original": {
        "owner": "balsoft",
        "repo": "brother-hl-3170cdw-driver",
        "type": "github"
      }
    },
    "codebraid": {
      "flake": false,
      "locked": {
        "lastModified": 1661902051,
        "narHash": "sha256-QX4/tzdqtZlEm1akORw9v0N3sQ1D87bBbLoj8yi+LfU=",
        "owner": "gpoore",
        "repo": "codebraid",
        "rev": "01c209dc2f46faf24b6c160c73e334db5059a13b",
        "type": "github"
      },
      "original": {
        "owner": "gpoore",
        "repo": "codebraid",
        "type": "github"
      }
    },
    "coeurl": {
      "flake": false,
      "locked": {
        "lastModified": 1668909676,
        "narHash": "sha256-xj8AWrEtM3nLx9SLlwoOqQxLOrRnE+i/CdVlDNcds98=",
        "ref": "refs/heads/master",
        "rev": "f989f3c54c1ca15e29c5bd6b1ce4efbcb3fd8078",
        "revCount": 76,
        "type": "git",
        "url": "https://nheko.im/nheko-reborn/coeurl"
      },
      "original": {
        "type": "git",
        "url": "https://nheko.im/nheko-reborn/coeurl"
      }
    },
    "crate2nix": {
      "flake": false,
      "locked": {
        "lastModified": 1608814925,
        "narHash": "sha256-GdFBG2LmpbY4C1OJBFfWLMKXzGyFq4mJBK+SVMNNE+8=",
        "owner": "balsoft",
        "repo": "crate2nix",
        "rev": "68be3d90f31bf0bfd525da77e0ae6e89f48abd24",
        "type": "github"
      },
      "original": {
        "owner": "balsoft",
        "ref": "tools-nix-version-comparison",
        "repo": "crate2nix",
        "type": "github"
      }
    },
    "crdt": {
      "flake": false,
      "locked": {
        "lastModified": 1668841640,
        "narHash": "sha256-8HLl1taqHdOpCbpbng9yZ61UYwRJ5GgFldiRixp4t5k=",
        "ref": "refs/heads/master",
        "rev": "e6d42f42c5dedb73560048f4bf6263c63ffa21bb",
        "revCount": 194,
        "type": "git",
        "url": "https://code.librehq.com/qhong/crdt.el"
      },
      "original": {
        "type": "git",
        "url": "https://code.librehq.com/qhong/crdt.el"
      }
    },
    "deploy-rs": {
      "inputs": {
        "flake-compat": "flake-compat",
        "nixpkgs": "nixpkgs",
        "utils": "utils"
      },
      "locked": {
        "lastModified": 1668797197,
        "narHash": "sha256-0w6iD3GSSQbIeSFVDzAAQZB+hDq670ZTms3d9XI+BtM=",
        "owner": "serokell",
        "repo": "deploy-rs",
        "rev": "2a3c5f70eee04a465aa534d8bd4fcc9bb3c4a8ce",
        "type": "github"
      },
      "original": {
        "owner": "serokell",
        "repo": "deploy-rs",
        "type": "github"
      }
    },
    "devshell": {
      "inputs": {
        "flake-utils": [
          "direnv-vscode",
          "flake-utils"
        ],
        "nixpkgs": [
          "direnv-vscode",
          "nixpkgs"
        ]
      },
      "locked": {
        "lastModified": 1667210711,
        "narHash": "sha256-IoErjXZAkzYWHEpQqwu/DeRNJGFdR7X2OGbkhMqMrpw=",
        "owner": "numtide",
        "repo": "devshell",
        "rev": "96a9dd12b8a447840cc246e17a47b81a4268bba7",
        "type": "github"
      },
      "original": {
        "owner": "numtide",
        "repo": "devshell",
        "type": "github"
      }
    },
    "direnv-vscode": {
      "inputs": {
        "devshell": "devshell",
        "flake-compat": "flake-compat_2",
        "flake-utils": "flake-utils",
        "nixpkgs": "nixpkgs_2"
      },
      "locked": {
        "lastModified": 1670141556,
        "narHash": "sha256-LJ+MFOP5jXGZP3hpImLF7vo4j4FDVyv4/fPI9E9yKeY=",
        "owner": "direnv",
        "repo": "direnv-vscode",
        "rev": "2043991560f498647bab4f3cd4c7116cfe415d96",
        "type": "github"
      },
      "original": {
        "owner": "direnv",
        "repo": "direnv-vscode",
        "type": "github"
      }
    },
    "flake-compat": {
      "flake": false,
      "locked": {
        "lastModified": 1648199409,
        "narHash": "sha256-JwPKdC2PoVBkG6E+eWw3j6BMR6sL3COpYWfif7RVb8Y=",
        "owner": "edolstra",
        "repo": "flake-compat",
        "rev": "64a525ee38886ab9028e6f61790de0832aa3ef03",
        "type": "github"
      },
      "original": {
        "owner": "edolstra",
        "repo": "flake-compat",
        "type": "github"
      }
    },
    "flake-compat_2": {
      "flake": false,
      "locked": {
        "lastModified": 1668681692,
        "narHash": "sha256-Ht91NGdewz8IQLtWZ9LCeNXMSXHUss+9COoqu6JLmXU=",
        "owner": "edolstra",
        "repo": "flake-compat",
        "rev": "009399224d5e398d03b22badca40a37ac85412a1",
        "type": "github"
      },
      "original": {
        "owner": "edolstra",
        "repo": "flake-compat",
        "type": "github"
      }
    },
    "flake-compat_3": {
      "flake": false,
      "locked": {
        "lastModified": 1668681692,
        "narHash": "sha256-Ht91NGdewz8IQLtWZ9LCeNXMSXHUss+9COoqu6JLmXU=",
        "owner": "edolstra",
        "repo": "flake-compat",
        "rev": "009399224d5e398d03b22badca40a37ac85412a1",
        "type": "github"
      },
      "original": {
        "owner": "edolstra",
        "repo": "flake-compat",
        "type": "github"
      }
    },
    "flake-registry": {
      "flake": false,
      "locked": {
        "lastModified": 1661161594,
        "narHash": "sha256-tu1KKNLw+v7ZOIUPGDE66tn9vEyhIAWiiJYZRGGev8E=",
        "owner": "nixos",
        "repo": "flake-registry",
        "rev": "8634fb4e1db6c76ce037bc00ef80f9ebd2616476",
        "type": "github"
      },
      "original": {
        "owner": "nixos",
        "repo": "flake-registry",
        "type": "github"
      }
    },
    "flake-utils": {
      "locked": {
        "lastModified": 1667395993,
        "narHash": "sha256-nuEHfE/LcWyuSWnS8t12N1wc105Qtau+/OdUAjtQ0rA=",
        "owner": "numtide",
        "repo": "flake-utils",
        "rev": "5aed5285a952e0b949eb3ba02c12fa4fcfef535f",
        "type": "github"
      },
      "original": {
        "owner": "numtide",
        "repo": "flake-utils",
        "type": "github"
      }
    },
    "flake-utils_2": {
      "locked": {
        "lastModified": 1667395993,
        "narHash": "sha256-nuEHfE/LcWyuSWnS8t12N1wc105Qtau+/OdUAjtQ0rA=",
        "owner": "numtide",
        "repo": "flake-utils",
        "rev": "5aed5285a952e0b949eb3ba02c12fa4fcfef535f",
        "type": "github"
      },
      "original": {
        "owner": "numtide",
        "repo": "flake-utils",
        "type": "github"
      }
    },
    "flake-utils_3": {
      "locked": {
        "lastModified": 1659877975,
        "narHash": "sha256-zllb8aq3YO3h8B/U0/J1WBgAL8EX5yWf5pMj3G0NAmc=",
        "owner": "numtide",
        "repo": "flake-utils",
        "rev": "c0e246b9b83f637f4681389ecabcb2681b4f3af0",
        "type": "github"
      },
      "original": {
        "owner": "numtide",
        "repo": "flake-utils",
        "type": "github"
      }
    },
    "home-manager": {
      "inputs": {
        "nixpkgs": "nixpkgs_3",
        "utils": "utils_2"
      },
      "locked": {
        "lastModified": 1670245450,
        "narHash": "sha256-SSHD2iuPw7dKpAHX7DMTBKCm+/drigwC5//xkf+v/AM=",
        "owner": "rycee",
        "repo": "home-manager",
        "rev": "747e36476f341720404bd0d14d687a135a4ce5bf",
        "type": "github"
      },
      "original": {
        "owner": "rycee",
        "repo": "home-manager",
        "type": "github"
      }
    },
    "impermanence": {
      "locked": {
        "lastModified": 1668668915,
        "narHash": "sha256-QjY4ZZbs9shwO4LaLpvlU2bO9J1juYhO9NtV3nrbnYQ=",
        "owner": "nix-community",
        "repo": "impermanence",
        "rev": "5df9108b346f8a42021bf99e50de89c9caa251c3",
        "type": "github"
      },
      "original": {
        "owner": "nix-community",
        "repo": "impermanence",
        "type": "github"
      }
    },
    "lambda-launcher": {
      "inputs": {
        "nixpkgs": "nixpkgs_4"
      },
      "locked": {
        "lastModified": 1654984020,
        "narHash": "sha256-uCZ9pU1QfACHbtNIS9V6eZZsHOtwAFJfg8VC44Q5FVM=",
        "owner": "balsoft",
        "repo": "lambda-launcher",
        "rev": "f1b3078e90684ac528e46c2364ba97ddbc57b580",
        "type": "github"
      },
      "original": {
        "owner": "balsoft",
        "repo": "lambda-launcher",
        "type": "github"
      }
    },
    "lowdown-src": {
      "flake": false,
      "locked": {
        "lastModified": 1633514407,
        "narHash": "sha256-Dw32tiMjdK9t3ETl5fzGrutQTzh2rufgZV4A/BbxuD4=",
        "owner": "kristapsdz",
        "repo": "lowdown",
        "rev": "d2c2b44ff6c27b936ec27358a2653caaef8f73b8",
        "type": "github"
      },
      "original": {
        "owner": "kristapsdz",
        "repo": "lowdown",
        "type": "github"
      }
    },
    "materia-theme": {
      "flake": false,
      "locked": {
        "lastModified": 1669699627,
        "narHash": "sha256-dbPHGXBUDKectQmlmS+3hqncqwpsmePMLE5mO+0BgM0=",
        "owner": "nana-4",
        "repo": "materia-theme",
        "rev": "eb83bc174fad52cba9541efa78587664ca19542c",
        "type": "github"
      },
      "original": {
        "owner": "nana-4",
        "repo": "materia-theme",
        "type": "github"
      }
    },
    "mopidy-ytmusic": {
      "flake": false,
      "locked": {
        "lastModified": 1669816240,
        "narHash": "sha256-0qvk55VcRmvaRrV+oMVTKWMOCx+/1cEftmq6T0PRuwY=",
        "owner": "OzymandiasTheGreat",
        "repo": "mopidy-ytmusic",
        "rev": "3753c4daeb6094e9c68eb63419e8ba936b92e61b",
        "type": "github"
      },
      "original": {
        "owner": "OzymandiasTheGreat",
        "repo": "mopidy-ytmusic",
        "type": "github"
      }
    },
    "mtxclient": {
      "flake": false,
      "locked": {
        "lastModified": 1670029774,
        "narHash": "sha256-N1mGJByIJswK+TOdZuTwGMsFJQVkCHeaV4CKDJDXjQA=",
        "owner": "nheko-reborn",
        "repo": "mtxclient",
        "rev": "7155cbb8ed3289f2cc7269da7607b0dd012f471b",
        "type": "github"
      },
      "original": {
        "owner": "nheko-reborn",
        "repo": "mtxclient",
        "type": "github"
      }
    },
    "nheko": {
      "flake": false,
      "locked": {
        "lastModified": 1670120406,
        "narHash": "sha256-UGHSy4aUu2b4wmAgWxSxSsH2II4HqXidwSwnUS9bXss=",
        "owner": "nheko-reborn",
        "repo": "nheko",
        "rev": "ea5984a575b34967fa7a58e117fe2deccad7c0b1",
        "type": "github"
      },
      "original": {
        "owner": "nheko-reborn",
        "repo": "nheko",
        "type": "github"
      }
    },
    "nix": {
      "inputs": {
        "lowdown-src": "lowdown-src",
        "nixpkgs": "nixpkgs_5",
        "nixpkgs-regression": "nixpkgs-regression"
      },
      "locked": {
        "lastModified": 1670248730,
        "narHash": "sha256-bmdOZSxdABneJ4aAAHhIBjF5uZNMvn0EaNsHpRYO8hE=",
        "owner": "nixos",
        "repo": "nix",
        "rev": "3b05124682f7f009366d2b9d83a5939cdda082fe",
        "type": "github"
      },
      "original": {
        "owner": "nixos",
        "repo": "nix",
        "type": "github"
      }
    },
    "nix-direnv": {
      "inputs": {
        "flake-utils": "flake-utils_2",
        "nixpkgs": "nixpkgs_6"
      },
      "locked": {
        "lastModified": 1670247922,
        "narHash": "sha256-8CsdoO/59ddJxS6cI/N0CTP5hno5tSWEglQofMLO5mM=",
        "owner": "nix-community",
        "repo": "nix-direnv",
        "rev": "22b5729f266a6d59746fdb12eb3303bb2de63896",
        "type": "github"
      },
      "original": {
        "owner": "nix-community",
        "repo": "nix-direnv",
        "type": "github"
      }
    },
    "nix-vscode-marketplace": {
      "inputs": {
        "flake-utils": "flake-utils_3",
        "nixpkgs": "nixpkgs_7"
      },
      "locked": {
        "lastModified": 1670136503,
        "narHash": "sha256-w4pTXeBvyn5puhqWDsYllpN5ZIx5KJZ8sk88MxlJ7kI=",
        "owner": "AmeerTaweel",
        "repo": "nix-vscode-marketplace",
        "rev": "72e94403fe2f21a18d35c4e6637ec0fc4f874b00",
        "type": "github"
      },
      "original": {
        "owner": "AmeerTaweel",
        "repo": "nix-vscode-marketplace",
        "type": "github"
      }
    },
    "nixos-fhs-compat": {
      "locked": {
        "lastModified": 1668797495,
        "narHash": "sha256-fTldcVSyidpBIL5AddPQr3GJDOC23VJqcCviG6mXbiU=",
        "owner": "balsoft",
        "repo": "nixos-fhs-compat",
        "rev": "e339cc708dd35e44d28847d773b19c27e7e17590",
        "type": "github"
      },
      "original": {
        "owner": "balsoft",
        "repo": "nixos-fhs-compat",
        "type": "github"
      }
    },
    "nixpkgs": {
      "locked": {
        "lastModified": 1648219316,
        "narHash": "sha256-Ctij+dOi0ZZIfX5eMhgwugfvB+WZSrvVNAyAuANOsnQ=",
        "owner": "NixOS",
        "repo": "nixpkgs",
        "rev": "30d3d79b7d3607d56546dd2a6b49e156ba0ec634",
        "type": "github"
      },
      "original": {
        "owner": "NixOS",
        "ref": "nixpkgs-unstable",
        "repo": "nixpkgs",
        "type": "github"
      }
    },
    "nixpkgs-old": {
      "flake": false,
      "locked": {
        "lastModified": 1600952148,
        "narHash": "sha256-GUKHrnng33luc6mUT3rDnZ3Hm+4MMEJpEchRIAQx7JQ=",
        "owner": "nixos",
        "repo": "nixpkgs",
        "rev": "75f4ba05c63be3f147bcc2f7bd4ba1f029cedcb1",
        "type": "github"
      },
      "original": {
        "owner": "nixos",
        "ref": "nixos-19.09",
        "repo": "nixpkgs",
        "type": "github"
      }
    },
    "nixpkgs-regression": {
      "locked": {
        "lastModified": 1643052045,
        "narHash": "sha256-uGJ0VXIhWKGXxkeNnq4TvV3CIOkUJ3PAoLZ3HMzNVMw=",
        "owner": "NixOS",
        "repo": "nixpkgs",
        "rev": "215d4d0fd80ca5163643b03a33fde804a29cc1e2",
        "type": "github"
      },
      "original": {
        "owner": "NixOS",
        "repo": "nixpkgs",
        "rev": "215d4d0fd80ca5163643b03a33fde804a29cc1e2",
        "type": "github"
      }
    },
    "nixpkgs-wayland": {
      "flake": false,
      "locked": {
        "lastModified": 1667522132,
        "narHash": "sha256-ggwiANGo6d8/L1twgtN367obeGkomI8UD2remPLzQqw=",
        "owner": "colemickens",
        "repo": "nixpkgs-wayland",
        "rev": "2643b59b1b3551d03448208ad2d690032e519dc9",
        "type": "github"
      },
      "original": {
        "owner": "colemickens",
        "repo": "nixpkgs-wayland",
        "type": "github"
      }
    },
    "nixpkgs_2": {
      "locked": {
        "lastModified": 1670058159,
        "narHash": "sha256-ERiP2JWanLuGV1PDyHTbcigFCfIi9oco5LFdMJHjREE=",
        "owner": "NixOS",
        "repo": "nixpkgs",
        "rev": "49b8ad618e64d9fe9ab686817bfebe047860dcae",
        "type": "github"
      },
      "original": {
        "id": "nixpkgs",
        "type": "indirect"
      }
    },
    "nixpkgs_3": {
      "locked": {
        "lastModified": 1669969257,
        "narHash": "sha256-mOS13sK3v+kfgP+1Mh56ohiG8uVhLHAo7m/q9kqAehc=",
        "owner": "nixos",
        "repo": "nixpkgs",
        "rev": "b72b8b94cf0c012b0252a9100a636cad69696666",
        "type": "github"
      },
      "original": {
        "owner": "nixos",
        "ref": "nixos-unstable",
        "repo": "nixpkgs",
        "type": "github"
      }
    },
    "nixpkgs_4": {
      "locked": {
        "lastModified": 1614531970,
        "narHash": "sha256-cfsbJwD5t8b03YQW7/F4hlYO19ACV/BIDIiRJ4V43V4=",
        "owner": "NixOS",
        "repo": "nixpkgs",
        "rev": "ddf21160e30fbd75c344a8939cc6d518f88409a1",
        "type": "github"
      },
      "original": {
        "owner": "NixOS",
        "repo": "nixpkgs",
        "type": "github"
      }
    },
    "nixpkgs_5": {
      "locked": {
        "lastModified": 1657693803,
        "narHash": "sha256-G++2CJ9u0E7NNTAi9n5G8TdDmGJXcIjkJ3NF8cetQB8=",
        "owner": "NixOS",
        "repo": "nixpkgs",
        "rev": "365e1b3a859281cf11b94f87231adeabbdd878a2",
        "type": "github"
      },
      "original": {
        "owner": "NixOS",
        "ref": "nixos-22.05-small",
        "repo": "nixpkgs",
        "type": "github"
      }
    },
    "nixpkgs_6": {
      "locked": {
        "lastModified": 1670086663,
        "narHash": "sha256-hT8C8AQB74tdoCPwz4nlJypLMD7GI2F5q+vn+VE/qQk=",
        "owner": "NixOS",
        "repo": "nixpkgs",
        "rev": "813836d64fa57285d108f0dbf2356457ccd304e3",
        "type": "github"
      },
      "original": {
        "owner": "NixOS",
        "ref": "nixpkgs-unstable",
        "repo": "nixpkgs",
        "type": "github"
      }
    },
    "nixpkgs_7": {
      "locked": {
        "lastModified": 1660464579,
        "narHash": "sha256-kzA9rwh0wS6CwUnFHAQ7dhJCowMPfRbvixVeOKnUmjo=",
        "owner": "NixOS",
        "repo": "nixpkgs",
        "rev": "b02538b16f6c5e1dbfce1033b27946e25c019b3b",
        "type": "github"
      },
      "original": {
        "owner": "NixOS",
        "ref": "nixpkgs-unstable",
        "repo": "nixpkgs",
        "type": "github"
      }
    },
    "nixpkgs_8": {
      "locked": {
        "lastModified": 1670064435,
        "narHash": "sha256-+ELoY30UN+Pl3Yn7RWRPabykwebsVK/kYE9JsIsUMxQ=",
        "owner": "nixos",
        "repo": "nixpkgs",
        "rev": "61a8a98e6d557e6dd7ed0cdb54c3a3e3bbc5e25c",
        "type": "github"
      },
      "original": {
        "owner": "nixos",
        "ref": "nixos-unstable",
        "repo": "nixpkgs",
        "type": "github"
      }
    },
    "nixpkgs_9": {
      "locked": {
        "lastModified": 1599773960,
        "narHash": "sha256-5bL52aaUOOyOBjgKh9/6jQlFbeE+WfVX7dpvjohmD+w=",
        "owner": "nixos",
        "repo": "nixpkgs",
        "rev": "5916b9637048446755629c84ae6f13361f623d13",
        "type": "github"
      },
      "original": {
        "owner": "nixos",
        "repo": "nixpkgs",
        "type": "github"
      }
    },
    "root": {
      "inputs": {
        "NUR": "NUR",
        "base16-black-metal-scheme": "base16-black-metal-scheme",
        "brother-hl-3170cdw-driver": "brother-hl-3170cdw-driver",
        "codebraid": "codebraid",
        "coeurl": "coeurl",
        "crdt": "crdt",
        "deploy-rs": "deploy-rs",
        "direnv-vscode": "direnv-vscode",
        "flake-compat": "flake-compat_3",
        "flake-registry": "flake-registry",
        "home-manager": "home-manager",
        "impermanence": "impermanence",
        "lambda-launcher": "lambda-launcher",
        "materia-theme": "materia-theme",
        "mopidy-ytmusic": "mopidy-ytmusic",
        "mtxclient": "mtxclient",
        "nheko": "nheko",
        "nix": "nix",
        "nix-direnv": "nix-direnv",
        "nix-vscode-marketplace": "nix-vscode-marketplace",
        "nixos-fhs-compat": "nixos-fhs-compat",
        "nixpkgs": "nixpkgs_8",
        "nixpkgs-old": "nixpkgs-old",
        "nixpkgs-wayland": "nixpkgs-wayland",
        "rycee": "rycee",
        "simple-nixos-mailserver": "simple-nixos-mailserver",
        "simple-osd-daemons": "simple-osd-daemons",
        "sonoff-lan": "sonoff-lan"
      }
    },
    "rycee": {
      "flake": false,
      "locked": {
        "lastModified": 1670244296,
        "narHash": "sha256-K2J0G62XM8NOpBQbSgXzlVD3RAOEEUchKdq4ZiGiMww=",
        "owner": "rycee",
        "repo": "nur-expressions",
        "rev": "8b2b413448e9dc1e506731033f688763d7d6148a",
        "type": "gitlab"
      },
      "original": {
        "owner": "rycee",
        "repo": "nur-expressions",
        "type": "gitlab"
      }
    },
    "simple-nixos-mailserver": {
      "flake": false,
      "locked": {
        "lastModified": 1669807829,
        "narHash": "sha256-rgQ8MYV1UD4Ynw0wzfl9hatgsV5GV7X6eM6ioSPKzls=",
        "owner": "simple-nixos-mailserver",
        "repo": "nixos-mailserver",
        "rev": "694e7d34f60028f4877517e1c7c73c9527fad400",
        "type": "gitlab"
      },
      "original": {
        "owner": "simple-nixos-mailserver",
        "repo": "nixos-mailserver",
        "type": "gitlab"
      }
    },
    "simple-osd-daemons": {
      "inputs": {
        "crate2nix": "crate2nix",
        "nixpkgs": "nixpkgs_9"
      },
      "locked": {
        "lastModified": 1651606905,
        "narHash": "sha256-c+6BTLx4db7xFCR5uZpiSxOPh/5sBPyxQ82AmxvxgRE=",
        "owner": "balsoft",
        "repo": "simple-osd-daemons",
        "rev": "1e6a8f75b10903c484073f2de36a1954e8bdd338",
        "type": "github"
      },
      "original": {
        "owner": "balsoft",
        "repo": "simple-osd-daemons",
        "type": "github"
      }
    },
    "sonoff-lan": {
      "flake": false,
      "locked": {
        "lastModified": 1668512733,
        "narHash": "sha256-5GUzvninq/0LSMDqFilk02j3Qhei61X8pGYthT5k840=",
        "owner": "AlexxIT",
        "repo": "SonoffLAN",
        "rev": "b74359fb85afe9f292822cf72f31dce53c58855a",
        "type": "github"
      },
      "original": {
        "owner": "AlexxIT",
        "repo": "SonoffLAN",
        "type": "github"
      }
    },
    "utils": {
      "locked": {
        "lastModified": 1648297722,
        "narHash": "sha256-W+qlPsiZd8F3XkzXOzAoR+mpFqzm3ekQkJNa+PIh1BQ=",
        "owner": "numtide",
        "repo": "flake-utils",
        "rev": "0f8662f1319ad6abf89b3380dd2722369fc51ade",
        "type": "github"
      },
      "original": {
        "owner": "numtide",
        "repo": "flake-utils",
        "type": "github"
      }
    },
    "utils_2": {
      "locked": {
        "lastModified": 1667395993,
        "narHash": "sha256-nuEHfE/LcWyuSWnS8t12N1wc105Qtau+/OdUAjtQ0rA=",
        "owner": "numtide",
        "repo": "flake-utils",
        "rev": "5aed5285a952e0b949eb3ba02c12fa4fcfef535f",
        "type": "github"
      },
      "original": {
        "owner": "numtide",
        "repo": "flake-utils",
        "type": "github"
      }
    }
  },
  "root": "root",
  "version": 7
}
