{
  "nodes": {
    "NUR": {
      "flake": false,
      "locked": {
        "lastModified": 1661324410,
        "narHash": "sha256-UDZxQoSt5YqydpSbaqS3XQBura9Z4beJZo7mnBT1zp4=",
        "owner": "nix-community",
        "repo": "NUR",
        "rev": "67fc62908c93529adb71baadc9d120e5a0106711",
        "type": "github"
      },
      "original": {
        "owner": "nix-community",
        "repo": "NUR",
        "type": "github"
      }
    },
    "base16-black-metal-scheme": {
      "flake": false,
      "locked": {
        "lastModified": 1585330710,
        "narHash": "sha256-ctsMdfUpqVZfqtg4paYg4oCataRHoapxSiYRsi0lwhI=",
        "owner": "metalelf0",
        "repo": "base16-black-metal-scheme",
        "rev": "c7a32bec8105a1ceddb9fcc90b713dabde5e7e5e",
        "type": "github"
      },
      "original": {
        "owner": "metalelf0",
        "repo": "base16-black-metal-scheme",
        "type": "github"
      }
    },
    "brother-hl-3170cdw-driver": {
      "flake": false,
      "locked": {
        "lastModified": 1638705897,
        "narHash": "sha256-U4x0V8rLwL41FdQ1K/0i7unAKcN1hCRISG8GwMWnXpY=",
        "owner": "balsoft",
        "repo": "brother-hl-3170cdw-driver",
        "rev": "5e2f487d957b195b1e3afcf68ac1f5c695b06085",
        "type": "github"
      },
      "original": {
        "owner": "balsoft",
        "repo": "brother-hl-3170cdw-driver",
        "type": "github"
      }
    },
    "codebraid": {
      "flake": false,
      "locked": {
        "lastModified": 1661298630,
        "narHash": "sha256-OBmAJ2q13veuGaEGJyoJ+Xm+Akv8QfQFFI+OrMAL8I0=",
        "owner": "gpoore",
        "repo": "codebraid",
        "rev": "a1c75b4f91f1f53944e0ccba9dbcd9b2bcb71495",
        "type": "github"
      },
      "original": {
        "owner": "gpoore",
        "repo": "codebraid",
        "type": "github"
      }
    },
    "coeurl": {
      "flake": false,
      "locked": {
        "lastModified": 1658436252,
        "narHash": "sha256-+FIxi019+jnjpo4NhBQ4tb3ObLrEStMN5YD+MrTLa2E=",
        "ref": "refs/heads/master",
        "rev": "cfeae3acef061dbb19706f462ee58b9be2e6ec76",
        "revCount": 74,
        "type": "git",
        "url": "https://nheko.im/nheko-reborn/coeurl"
      },
      "original": {
        "type": "git",
        "url": "https://nheko.im/nheko-reborn/coeurl"
      }
    },
    "crate2nix": {
      "flake": false,
      "locked": {
        "lastModified": 1608814925,
        "narHash": "sha256-GdFBG2LmpbY4C1OJBFfWLMKXzGyFq4mJBK+SVMNNE+8=",
        "owner": "balsoft",
        "repo": "crate2nix",
        "rev": "68be3d90f31bf0bfd525da77e0ae6e89f48abd24",
        "type": "github"
      },
      "original": {
        "owner": "balsoft",
        "ref": "tools-nix-version-comparison",
        "repo": "crate2nix",
        "type": "github"
      }
    },
    "crdt": {
      "flake": false,
      "locked": {
        "lastModified": 1660801364,
        "narHash": "sha256-351NzW0WHW4cfDnN/YFb1sa2/g/mgdMyLPBUXOhEibk=",
        "ref": "refs/heads/master",
        "rev": "2feb88ea9a2589946014878790af585cad9f28fc",
        "revCount": 185,
        "type": "git",
        "url": "https://code.librehq.com/qhong/crdt.el"
      },
      "original": {
        "type": "git",
        "url": "https://code.librehq.com/qhong/crdt.el"
      }
    },
    "deploy-rs": {
      "inputs": {
        "flake-compat": "flake-compat",
        "nixpkgs": "nixpkgs",
        "utils": "utils"
      },
      "locked": {
        "lastModified": 1659725433,
        "narHash": "sha256-1ZxuK67TL29YLw88vQ18Y2Y6iYg8Jb7I6/HVzmNB6nM=",
        "owner": "serokell",
        "repo": "deploy-rs",
        "rev": "41f15759dd8b638e7b4f299730d94d5aa46ab7eb",
        "type": "github"
      },
      "original": {
        "owner": "serokell",
        "repo": "deploy-rs",
        "type": "github"
      }
    },
    "direnv-vscode": {
      "inputs": {
        "flake-compat": "flake-compat_2",
        "flake-utils": "flake-utils",
        "nixpkgs": "nixpkgs_2"
      },
      "locked": {
        "lastModified": 1659835654,
        "narHash": "sha256-mT9IZl++GNaLpAKfnsvMjOfee44TjtOa3kdxFQ5DSo8=",
        "owner": "direnv",
        "repo": "direnv-vscode",
        "rev": "d62cb5eac0114d4ddf3643eaef62628f16e4a194",
        "type": "github"
      },
      "original": {
        "owner": "direnv",
        "repo": "direnv-vscode",
        "type": "github"
      }
    },
    "flake-compat": {
      "flake": false,
      "locked": {
        "lastModified": 1648199409,
        "narHash": "sha256-JwPKdC2PoVBkG6E+eWw3j6BMR6sL3COpYWfif7RVb8Y=",
        "owner": "edolstra",
        "repo": "flake-compat",
        "rev": "64a525ee38886ab9028e6f61790de0832aa3ef03",
        "type": "github"
      },
      "original": {
        "owner": "edolstra",
        "repo": "flake-compat",
        "type": "github"
      }
    },
    "flake-compat_2": {
      "flake": false,
      "locked": {
        "lastModified": 1650374568,
        "narHash": "sha256-Z+s0J8/r907g149rllvwhb4pKi8Wam5ij0st8PwAh+E=",
        "owner": "edolstra",
        "repo": "flake-compat",
        "rev": "b4a34015c698c7793d592d66adbab377907a2be8",
        "type": "github"
      },
      "original": {
        "owner": "edolstra",
        "repo": "flake-compat",
        "type": "github"
      }
    },
    "flake-compat_3": {
      "flake": false,
      "locked": {
        "lastModified": 1650374568,
        "narHash": "sha256-Z+s0J8/r907g149rllvwhb4pKi8Wam5ij0st8PwAh+E=",
        "owner": "edolstra",
        "repo": "flake-compat",
        "rev": "b4a34015c698c7793d592d66adbab377907a2be8",
        "type": "github"
      },
      "original": {
        "owner": "edolstra",
        "repo": "flake-compat",
        "type": "github"
      }
    },
    "flake-compat_4": {
      "flake": false,
      "locked": {
        "lastModified": 1627913399,
        "narHash": "sha256-hY8g6H2KFL8ownSiFeMOjwPC8P0ueXpCVEbxgda3pko=",
        "owner": "edolstra",
        "repo": "flake-compat",
        "rev": "12c64ca55c1014cdc1b16ed5a804aa8576601ff2",
        "type": "github"
      },
      "original": {
        "owner": "edolstra",
        "repo": "flake-compat",
        "type": "github"
      }
    },
    "flake-registry": {
      "flake": false,
      "locked": {
        "lastModified": 1661161594,
        "narHash": "sha256-tu1KKNLw+v7ZOIUPGDE66tn9vEyhIAWiiJYZRGGev8E=",
        "owner": "nixos",
        "repo": "flake-registry",
        "rev": "8634fb4e1db6c76ce037bc00ef80f9ebd2616476",
        "type": "github"
      },
      "original": {
        "owner": "nixos",
        "repo": "flake-registry",
        "type": "github"
      }
    },
    "flake-utils": {
      "locked": {
        "lastModified": 1656928814,
        "narHash": "sha256-RIFfgBuKz6Hp89yRr7+NR5tzIAbn52h8vT6vXkYjZoM=",
        "owner": "numtide",
        "repo": "flake-utils",
        "rev": "7e2a3b3dfd9af950a856d66b0a7d01e3c18aa249",
        "type": "github"
      },
      "original": {
        "owner": "numtide",
        "repo": "flake-utils",
        "type": "github"
      }
    },
    "flake-utils_2": {
      "locked": {
        "lastModified": 1637014545,
        "narHash": "sha256-26IZAc5yzlD9FlDT54io1oqG/bBoyka+FJk5guaX4x4=",
        "owner": "numtide",
        "repo": "flake-utils",
        "rev": "bba5dcc8e0b20ab664967ad83d24d64cb64ec4f4",
        "type": "github"
      },
      "original": {
        "owner": "numtide",
        "repo": "flake-utils",
        "type": "github"
      }
    },
    "flake-utils_3": {
      "locked": {
        "lastModified": 1659877975,
        "narHash": "sha256-zllb8aq3YO3h8B/U0/J1WBgAL8EX5yWf5pMj3G0NAmc=",
        "owner": "numtide",
        "repo": "flake-utils",
        "rev": "c0e246b9b83f637f4681389ecabcb2681b4f3af0",
        "type": "github"
      },
      "original": {
        "owner": "numtide",
        "repo": "flake-utils",
        "type": "github"
      }
    },
    "himalaya": {
      "inputs": {
        "flake-compat": "flake-compat_4",
        "naersk": "naersk",
        "nixpkgs": "nixpkgs_4",
        "rust-overlay": "rust-overlay",
        "utils": "utils_2"
      },
      "locked": {
        "lastModified": 1657794283,
        "narHash": "sha256-3EKEmdmjdDzc8RP9PF/vnILk9X+d28r9uZfGuCVZE5I=",
        "owner": "soywod",
        "repo": "himalaya",
        "rev": "82b7dfb97f2c3a07f09c9358f5c501345a54c4de",
        "type": "github"
      },
      "original": {
        "owner": "soywod",
        "repo": "himalaya",
        "type": "github"
      }
    },
    "home-manager": {
      "inputs": {
        "nixpkgs": "nixpkgs_6",
        "utils": "utils_3"
      },
      "locked": {
        "lastModified": 1661323822,
        "narHash": "sha256-1UGGcQ00uSo5cPTwL7C3S1zkcScbpF0WzspvnceWkbQ=",
        "owner": "rycee",
        "repo": "home-manager",
        "rev": "1d81e6295ca530603478114f4977402d51299ad8",
        "type": "github"
      },
      "original": {
        "owner": "rycee",
        "repo": "home-manager",
        "type": "github"
      }
    },
    "impermanence": {
      "locked": {
        "lastModified": 1661155543,
        "narHash": "sha256-6PJ4wqDuFMIw34gM/LxQ9qZPw8vPls4xC7UCeweSvKs=",
        "owner": "nix-community",
        "repo": "impermanence",
        "rev": "e7c6fbbe9076109263175ef992ca6edc1050973c",
        "type": "github"
      },
      "original": {
        "owner": "nix-community",
        "repo": "impermanence",
        "type": "github"
      }
    },
    "lambda-launcher": {
      "inputs": {
        "nixpkgs": "nixpkgs_7"
      },
      "locked": {
        "lastModified": 1654984020,
        "narHash": "sha256-uCZ9pU1QfACHbtNIS9V6eZZsHOtwAFJfg8VC44Q5FVM=",
        "owner": "balsoft",
        "repo": "lambda-launcher",
        "rev": "f1b3078e90684ac528e46c2364ba97ddbc57b580",
        "type": "github"
      },
      "original": {
        "owner": "balsoft",
        "repo": "lambda-launcher",
        "type": "github"
      }
    },
    "lowdown-src": {
      "flake": false,
      "locked": {
        "lastModified": 1633514407,
        "narHash": "sha256-Dw32tiMjdK9t3ETl5fzGrutQTzh2rufgZV4A/BbxuD4=",
        "owner": "kristapsdz",
        "repo": "lowdown",
        "rev": "d2c2b44ff6c27b936ec27358a2653caaef8f73b8",
        "type": "github"
      },
      "original": {
        "owner": "kristapsdz",
        "repo": "lowdown",
        "type": "github"
      }
    },
    "materia-theme": {
      "flake": false,
      "locked": {
        "lastModified": 1638461758,
        "narHash": "sha256-+E8eJQcDw4F12MmGrCoFUeGFZzYZWQtY7PVhXVAZRFY=",
        "owner": "nana-4",
        "repo": "materia-theme",
        "rev": "af63425f9bbb2ac9bc4853a4357457d743c65308",
        "type": "github"
      },
      "original": {
        "owner": "nana-4",
        "repo": "materia-theme",
        "type": "github"
      }
    },
    "mopidy-ytmusic": {
      "flake": false,
      "locked": {
        "lastModified": 1661166222,
        "narHash": "sha256-z7PbVy/8Iy0W8G5rwbyaxah2gudBTJM3K49NlgBOz7s=",
        "owner": "OzymandiasTheGreat",
        "repo": "mopidy-ytmusic",
        "rev": "b8442cf6859ccc670e103af01950bb82a8847a6a",
        "type": "github"
      },
      "original": {
        "owner": "OzymandiasTheGreat",
        "repo": "mopidy-ytmusic",
        "type": "github"
      }
    },
    "mtxclient": {
      "flake": false,
      "locked": {
        "lastModified": 1661031859,
        "narHash": "sha256-o77vOTLO70e/WHz1FvPA2D0ykwxBlupAtDCiWBOLLAc=",
        "owner": "nheko-reborn",
        "repo": "mtxclient",
        "rev": "ccb7260ee2172d97eb2380d536f8b5d3cb4486f9",
        "type": "github"
      },
      "original": {
        "owner": "nheko-reborn",
        "repo": "mtxclient",
        "type": "github"
      }
    },
    "naersk": {
      "inputs": {
        "nixpkgs": "nixpkgs_3"
      },
      "locked": {
        "lastModified": 1639947939,
        "narHash": "sha256-pGsM8haJadVP80GFq4xhnSpNitYNQpaXk4cnA796Cso=",
        "owner": "nix-community",
        "repo": "naersk",
        "rev": "2fc8ce9d3c025d59fee349c1f80be9785049d653",
        "type": "github"
      },
      "original": {
        "owner": "nix-community",
        "repo": "naersk",
        "type": "github"
      }
    },
    "nheko": {
      "flake": false,
      "locked": {
        "lastModified": 1661123535,
        "narHash": "sha256-nekib9M3BCG0A6xf6jzN3RC61UWkNgfcyO/hl2C0Q6g=",
        "owner": "nheko-reborn",
        "repo": "nheko",
        "rev": "2e5e157db6a3f3caf0393130037a85d50c0ff9e6",
        "type": "github"
      },
      "original": {
        "owner": "nheko-reborn",
        "repo": "nheko",
        "type": "github"
      }
    },
    "nix": {
      "inputs": {
        "lowdown-src": "lowdown-src",
        "nixpkgs": "nixpkgs_8",
        "nixpkgs-regression": "nixpkgs-regression"
      },
      "locked": {
        "lastModified": 1661347902,
        "narHash": "sha256-ef8F7NVJfJPj6Hq3OZdinnn8ywiFLFhR6QhMozvPcnQ=",
        "owner": "nixos",
        "repo": "nix",
        "rev": "04e74f7c8bb5589dec578dd049013d3cd2554e65",
        "type": "github"
      },
      "original": {
        "owner": "nixos",
        "repo": "nix",
        "type": "github"
      }
    },
    "nix-direnv": {
      "inputs": {
        "flake-utils": "flake-utils_3",
        "nixpkgs": "nixpkgs_9"
      },
      "locked": {
        "lastModified": 1661170367,
        "narHash": "sha256-n6gaeo+ftlvyuqKYJJO0iAKgzhWvCJLuUnk/wkfjdug=",
        "owner": "nix-community",
        "repo": "nix-direnv",
        "rev": "bd76e52a97f148f1251a34e5a74153cf10a74dda",
        "type": "github"
      },
      "original": {
        "owner": "nix-community",
        "repo": "nix-direnv",
        "type": "github"
      }
    },
    "nixos-fhs-compat": {
      "locked": {
        "lastModified": 1638624912,
        "narHash": "sha256-+luMnWfRmPLgIh63AONik/9pvwxUjjK8PaMVqfJEUzE=",
        "owner": "balsoft",
        "repo": "nixos-fhs-compat",
        "rev": "0cf9397b825686b3cfa34a0d0bdcdeabcbb8ea03",
        "type": "github"
      },
      "original": {
        "owner": "balsoft",
        "repo": "nixos-fhs-compat",
        "type": "github"
      }
    },
    "nixpkgs": {
      "locked": {
        "lastModified": 1648219316,
        "narHash": "sha256-Ctij+dOi0ZZIfX5eMhgwugfvB+WZSrvVNAyAuANOsnQ=",
        "owner": "NixOS",
        "repo": "nixpkgs",
        "rev": "30d3d79b7d3607d56546dd2a6b49e156ba0ec634",
        "type": "github"
      },
      "original": {
        "owner": "NixOS",
        "ref": "nixpkgs-unstable",
        "repo": "nixpkgs",
        "type": "github"
      }
    },
    "nixpkgs-old": {
      "flake": false,
      "locked": {
        "lastModified": 1600952148,
        "narHash": "sha256-GUKHrnng33luc6mUT3rDnZ3Hm+4MMEJpEchRIAQx7JQ=",
        "owner": "nixos",
        "repo": "nixpkgs",
        "rev": "75f4ba05c63be3f147bcc2f7bd4ba1f029cedcb1",
        "type": "github"
      },
      "original": {
        "owner": "nixos",
        "ref": "nixos-19.09",
        "repo": "nixpkgs",
        "type": "github"
      }
    },
    "nixpkgs-regression": {
      "locked": {
        "lastModified": 1643052045,
        "narHash": "sha256-uGJ0VXIhWKGXxkeNnq4TvV3CIOkUJ3PAoLZ3HMzNVMw=",
        "owner": "NixOS",
        "repo": "nixpkgs",
        "rev": "215d4d0fd80ca5163643b03a33fde804a29cc1e2",
        "type": "github"
      },
      "original": {
        "owner": "NixOS",
        "repo": "nixpkgs",
        "rev": "215d4d0fd80ca5163643b03a33fde804a29cc1e2",
        "type": "github"
      }
    },
    "nixpkgs-wayland": {
      "flake": false,
      "locked": {
        "lastModified": 1661294554,
        "narHash": "sha256-Z1kaAMpYERQJhXWWc87+hvr2UsZ2q1gXkGcACJbj4qQ=",
        "owner": "colemickens",
        "repo": "nixpkgs-wayland",
        "rev": "000dc8537cd9aba86132113b7e9aebac0f55f87c",
        "type": "github"
      },
      "original": {
        "owner": "colemickens",
        "repo": "nixpkgs-wayland",
        "type": "github"
      }
    },
    "nixpkgs_10": {
      "locked": {
        "lastModified": 1661239211,
        "narHash": "sha256-pNJzBlSNpWEiFJZnLF2oETYq8cGWx1DJPW33aMtG6n8=",
        "owner": "nixos",
        "repo": "nixpkgs",
        "rev": "5e804cd8a27f835a402b22e086e36e797716ef8b",
        "type": "github"
      },
      "original": {
        "owner": "nixos",
        "ref": "nixos-unstable",
        "repo": "nixpkgs",
        "type": "github"
      }
    },
    "nixpkgs_11": {
      "locked": {
        "lastModified": 1599773960,
        "narHash": "sha256-5bL52aaUOOyOBjgKh9/6jQlFbeE+WfVX7dpvjohmD+w=",
        "owner": "nixos",
        "repo": "nixpkgs",
        "rev": "5916b9637048446755629c84ae6f13361f623d13",
        "type": "github"
      },
      "original": {
        "owner": "nixos",
        "repo": "nixpkgs",
        "type": "github"
      }
    },
    "nixpkgs_2": {
      "locked": {
        "lastModified": 1659782844,
        "narHash": "sha256-tM/qhHFE61puBxh9ebP3BIG1fkRAT4rHqD3jCM0HXGY=",
        "owner": "NixOS",
        "repo": "nixpkgs",
        "rev": "c85e56bb060291eac3fb3c75d4e0e64f6836fcfe",
        "type": "github"
      },
      "original": {
        "id": "nixpkgs",
        "type": "indirect"
      }
    },
    "nixpkgs_3": {
      "locked": {
        "lastModified": 1640418986,
        "narHash": "sha256-a8GGtxn2iL3WAkY5H+4E0s3Q7XJt6bTOvos9qqxT5OQ=",
        "owner": "NixOS",
        "repo": "nixpkgs",
        "rev": "5c37ad87222cfc1ec36d6cd1364514a9efc2f7f2",
        "type": "github"
      },
      "original": {
        "id": "nixpkgs",
        "type": "indirect"
      }
    },
    "nixpkgs_4": {
      "locked": {
        "lastModified": 1640418986,
        "narHash": "sha256-a8GGtxn2iL3WAkY5H+4E0s3Q7XJt6bTOvos9qqxT5OQ=",
        "owner": "NixOS",
        "repo": "nixpkgs",
        "rev": "5c37ad87222cfc1ec36d6cd1364514a9efc2f7f2",
        "type": "github"
      },
      "original": {
        "id": "nixpkgs",
        "type": "indirect"
      }
    },
    "nixpkgs_5": {
      "locked": {
        "lastModified": 1637453606,
        "narHash": "sha256-Gy6cwUswft9xqsjWxFYEnx/63/qzaFUwatcbV5GF/GQ=",
        "owner": "NixOS",
        "repo": "nixpkgs",
        "rev": "8afc4e543663ca0a6a4f496262cd05233737e732",
        "type": "github"
      },
      "original": {
        "owner": "NixOS",
        "ref": "nixpkgs-unstable",
        "repo": "nixpkgs",
        "type": "github"
      }
    },
    "nixpkgs_6": {
      "locked": {
        "lastModified": 1654953433,
        "narHash": "sha256-TwEeh4r50NdWHFAHQSyjCk2cZxgwUfcCCAJOhPdXB28=",
        "owner": "nixos",
        "repo": "nixpkgs",
        "rev": "90cd5459a1fd707819b9a3fb9c852beaaac3b79a",
        "type": "github"
      },
      "original": {
        "owner": "nixos",
        "ref": "nixos-unstable",
        "repo": "nixpkgs",
        "type": "github"
      }
    },
    "nixpkgs_7": {
      "locked": {
        "lastModified": 1614531970,
        "narHash": "sha256-cfsbJwD5t8b03YQW7/F4hlYO19ACV/BIDIiRJ4V43V4=",
        "owner": "NixOS",
        "repo": "nixpkgs",
        "rev": "ddf21160e30fbd75c344a8939cc6d518f88409a1",
        "type": "github"
      },
      "original": {
        "owner": "NixOS",
        "repo": "nixpkgs",
        "type": "github"
      }
    },
    "nixpkgs_8": {
      "locked": {
        "lastModified": 1657693803,
        "narHash": "sha256-G++2CJ9u0E7NNTAi9n5G8TdDmGJXcIjkJ3NF8cetQB8=",
        "owner": "NixOS",
        "repo": "nixpkgs",
        "rev": "365e1b3a859281cf11b94f87231adeabbdd878a2",
        "type": "github"
      },
      "original": {
        "owner": "NixOS",
        "ref": "nixos-22.05-small",
        "repo": "nixpkgs",
        "type": "github"
      }
    },
    "nixpkgs_9": {
      "locked": {
        "lastModified": 1661008273,
        "narHash": "sha256-UpDqsGzUswIHG7FwzeIewjWlElF17UVLNbI2pwlbcBY=",
        "owner": "NixOS",
        "repo": "nixpkgs",
        "rev": "0cc6444e74cd21e8da8d81ef4cd778492e10f843",
        "type": "github"
      },
      "original": {
        "owner": "NixOS",
        "ref": "nixpkgs-unstable",
        "repo": "nixpkgs",
        "type": "github"
      }
    },
    "root": {
      "inputs": {
        "NUR": "NUR",
        "base16-black-metal-scheme": "base16-black-metal-scheme",
        "brother-hl-3170cdw-driver": "brother-hl-3170cdw-driver",
        "codebraid": "codebraid",
        "coeurl": "coeurl",
        "crdt": "crdt",
        "deploy-rs": "deploy-rs",
        "direnv-vscode": "direnv-vscode",
        "flake-compat": "flake-compat_3",
        "flake-registry": "flake-registry",
        "himalaya": "himalaya",
        "home-manager": "home-manager",
        "impermanence": "impermanence",
        "lambda-launcher": "lambda-launcher",
        "materia-theme": "materia-theme",
        "mopidy-ytmusic": "mopidy-ytmusic",
        "mtxclient": "mtxclient",
        "nheko": "nheko",
        "nix": "nix",
        "nix-direnv": "nix-direnv",
        "nixos-fhs-compat": "nixos-fhs-compat",
        "nixpkgs": "nixpkgs_10",
        "nixpkgs-old": "nixpkgs-old",
        "nixpkgs-wayland": "nixpkgs-wayland",
        "rycee": "rycee",
        "simple-nixos-mailserver": "simple-nixos-mailserver",
        "simple-osd-daemons": "simple-osd-daemons",
        "sonoff-lan": "sonoff-lan"
      }
    },
    "rust-overlay": {
      "inputs": {
        "flake-utils": "flake-utils_2",
        "nixpkgs": "nixpkgs_5"
      },
      "locked": {
        "lastModified": 1642838864,
        "narHash": "sha256-pHnhm3HWwtvtOK7NdNHwERih3PgNlacrfeDwachIG8E=",
        "owner": "oxalica",
        "repo": "rust-overlay",
        "rev": "9fb49daf1bbe1d91e6c837706c481f9ebb3d8097",
        "type": "github"
      },
      "original": {
        "owner": "oxalica",
        "repo": "rust-overlay",
        "type": "github"
      }
    },
    "rycee": {
      "flake": false,
      "locked": {
        "lastModified": 1661324032,
        "narHash": "sha256-M7MEdrskkCiDo5ZoZ1WUZpG2lsmhMacVbps+Fxz3s+Q=",
        "owner": "rycee",
        "repo": "nur-expressions",
        "rev": "e49ca7a1d28a2766ac39a1b6238eeeb41591b347",
        "type": "gitlab"
      },
      "original": {
        "owner": "rycee",
        "repo": "nur-expressions",
        "type": "gitlab"
      }
    },
    "simple-nixos-mailserver": {
      "flake": false,
      "locked": {
        "lastModified": 1658267644,
        "narHash": "sha256-NJRe1rnlF112eZwxNASlRL8/ghwD8g+lpHIYRkWQxC8=",
        "owner": "simple-nixos-mailserver",
        "repo": "nixos-mailserver",
        "rev": "004c229ca44c069d93c92abf67ff1619fb508c6a",
        "type": "gitlab"
      },
      "original": {
        "owner": "simple-nixos-mailserver",
        "repo": "nixos-mailserver",
        "type": "gitlab"
      }
    },
    "simple-osd-daemons": {
      "inputs": {
        "crate2nix": "crate2nix",
        "nixpkgs": "nixpkgs_11"
      },
      "locked": {
        "lastModified": 1651606905,
        "narHash": "sha256-c+6BTLx4db7xFCR5uZpiSxOPh/5sBPyxQ82AmxvxgRE=",
        "owner": "balsoft",
        "repo": "simple-osd-daemons",
        "rev": "1e6a8f75b10903c484073f2de36a1954e8bdd338",
        "type": "github"
      },
      "original": {
        "owner": "balsoft",
        "repo": "simple-osd-daemons",
        "type": "github"
      }
    },
    "sonoff-lan": {
      "flake": false,
      "locked": {
        "lastModified": 1658814917,
        "narHash": "sha256-uI8IoCgu3dVF6eZOX0Gz4U60DlSiM+LOCfp0BaDUAbE=",
        "owner": "AlexxIT",
        "repo": "SonoffLAN",
        "rev": "5488d89c06864d4d468bc6ddef27f6f13bbfe2d4",
        "type": "github"
      },
      "original": {
        "owner": "AlexxIT",
        "repo": "SonoffLAN",
        "type": "github"
      }
    },
    "utils": {
      "locked": {
        "lastModified": 1648297722,
        "narHash": "sha256-W+qlPsiZd8F3XkzXOzAoR+mpFqzm3ekQkJNa+PIh1BQ=",
        "owner": "numtide",
        "repo": "flake-utils",
        "rev": "0f8662f1319ad6abf89b3380dd2722369fc51ade",
        "type": "github"
      },
      "original": {
        "owner": "numtide",
        "repo": "flake-utils",
        "type": "github"
      }
    },
    "utils_2": {
      "locked": {
        "lastModified": 1623875721,
        "narHash": "sha256-A8BU7bjS5GirpAUv4QA+QnJ4CceLHkcXdRp4xITDB0s=",
        "owner": "numtide",
        "repo": "flake-utils",
        "rev": "f7e004a55b120c02ecb6219596820fcd32ca8772",
        "type": "github"
      },
      "original": {
        "owner": "numtide",
        "repo": "flake-utils",
        "type": "github"
      }
    },
    "utils_3": {
      "locked": {
        "lastModified": 1653893745,
        "narHash": "sha256-0jntwV3Z8//YwuOjzhV2sgJJPt+HY6KhU7VZUL0fKZQ=",
        "owner": "numtide",
        "repo": "flake-utils",
        "rev": "1ed9fb1935d260de5fe1c2f7ee0ebaae17ed2fa1",
        "type": "github"
      },
      "original": {
        "owner": "numtide",
        "repo": "flake-utils",
        "type": "github"
      }
    }
  },
  "root": "root",
  "version": 7
}
